
Microsoft Visual Studio Solution File, Format Version 12.00
# Visual Studio Version 17
VisualStudioVersion = 17.4.33110.190
MinimumVisualStudioVersion = 10.0.40219.1
Project("{FAE04EC0-301F-11D3-BF4B-00C04F79EFBC}") = "UC2_LName", "UC2_LName.csproj", "{D2A8C82C-79E4-404C-85EF-C01990BAA9EB}"
EndProject
Global
	GlobalSection(SolutionConfigurationPlatforms) = preSolution
		Debug|Any CPU = Debug|Any CPU
		Release|Any CPU = Release|Any CPU
	EndGlobalSection
	GlobalSection(ProjectConfigurationPlatforms) = postSolution
		{D2A8C82C-79E4-404C-85EF-C01990BAA9EB}.Debug|Any CPU.ActiveCfg = Debug|Any CPU
		{D2A8C82C-79E4-404C-85EF-C01990BAA9EB}.Debug|Any CPU.Build.0 = Debug|Any CPU
		{D2A8C82C-79E4-404C-85EF-C01990BAA9EB}.Release|Any CPU.ActiveCfg = Release|Any CPU
		{D2A8C82C-79E4-404C-85EF-C01990BAA9EB}.Release|Any CPU.Build.0 = Release|Any CPU
	EndGlobalSection
	GlobalSection(SolutionProperties) = preSolution
		HideSolutionNode = FALSE
	EndGlobalSection
	GlobalSection(ExtensibilityGlobals) = postSolution
		SolutionGuid = {9A65D174-8F5E-4E60-81F9-841385F72EA4}
	EndGlobalSection
EndGlobal
