
Microsoft Visual Studio Solution File, Format Version 12.00
# Visual Studio Version 17
VisualStudioVersion = 17.4.33110.190
MinimumVisualStudioVersion = 10.0.40219.1
Project("{FAE04EC0-301F-11D3-BF4B-00C04F79EFBC}") = "UC1_FName", "UC1_FName.csproj", "{31E5F574-D0C2-4A2B-B962-02567F39329F}"
EndProject
Global
	GlobalSection(SolutionConfigurationPlatforms) = preSolution
		Debug|Any CPU = Debug|Any CPU
		Release|Any CPU = Release|Any CPU
	EndGlobalSection
	GlobalSection(ProjectConfigurationPlatforms) = postSolution
		{31E5F574-D0C2-4A2B-B962-02567F39329F}.Debug|Any CPU.ActiveCfg = Debug|Any CPU
		{31E5F574-D0C2-4A2B-B962-02567F39329F}.Debug|Any CPU.Build.0 = Debug|Any CPU
		{31E5F574-D0C2-4A2B-B962-02567F39329F}.Release|Any CPU.ActiveCfg = Release|Any CPU
		{31E5F574-D0C2-4A2B-B962-02567F39329F}.Release|Any CPU.Build.0 = Release|Any CPU
	EndGlobalSection
	GlobalSection(SolutionProperties) = preSolution
		HideSolutionNode = FALSE
	EndGlobalSection
	GlobalSection(ExtensibilityGlobals) = postSolution
		SolutionGuid = {5F74B082-32CC-4B3F-B60D-2FE3BB3F0E74}
	EndGlobalSection
EndGlobal
